version: 7
platforms:
- name: win-64
  virtual-packages:
  - __win=10.0
  - __archspec=0=x86_64
environments:
  default:
    channels:
    - url: https://conda.anaconda.org/conda-forge/
    indexes:
    - https://pypi.org/simple
    packages:
      win-64:
      - conda: https://conda.anaconda.org/conda-forge/noarch/ca-certificates-2026.7.22-h4c7d964_0.conda
      - conda: https://conda.anaconda.org/conda-forge/noarch/pip-26.2.1-pyh145f28c_0.conda
      - conda: https://conda.anaconda.org/conda-forge/noarch/python_abi-3.14-8_cp314.conda
      - conda: https://conda.anaconda.org/conda-forge/noarch/tzdata-2026c-h151e31d_0.conda
      - conda: https://conda.anaconda.org/conda-forge/win-64/bzip2-1.0.8-h0ad9c76_10.conda
      - conda: https://conda.anaconda.org/conda-forge/win-64/libexpat-2.8.1-hac47afa_1.conda
      - conda: https://conda.anaconda.org/conda-forge/win-64/libffi-3.5.2-h3d046cb_0.conda
      - conda: https://conda.anaconda.org/conda-forge/win-64/liblzma-5.8.3-hfd05255_0.conda
      - conda: https://conda.anaconda.org/conda-forge/win-64/libmpdec-4.0.0-hfd05255_1.conda
      - conda: https://conda.anaconda.org/conda-forge/win-64/libsqlite-3.53.4-hf5d6505_0.conda
      - conda: https://conda.anaconda.org/conda-forge/win-64/libzlib-1.3.2-hfd05255_3.conda
      - conda: https://conda.anaconda.org/conda-forge/win-64/openssl-3.6.3-hf411b9b_1.conda
      - conda: https://conda.anaconda.org/conda-forge/win-64/python-3.14.6-h4b44e0e_101_cp314.conda
      - conda: https://conda.anaconda.org/conda-forge/win-64/ruff-0.16.1-h6b72154_0.conda
      - conda: https://conda.anaconda.org/conda-forge/win-64/tk-8.6.13-h967ab96_3.conda
      - conda: https://conda.anaconda.org/conda-forge/win-64/ucrt-10.0.26100.0-h57928b3_0.conda
      - conda: https://conda.anaconda.org/conda-forge/win-64/vc-14.5-ha367084_41.conda
      - conda: https://conda.anaconda.org/conda-forge/win-64/vc14_runtime-14.51.36247-habf1de7_41.conda
      - conda: https://conda.anaconda.org/conda-forge/win-64/vcomp14-14.51.36247-habf1de7_41.conda
      - conda: https://conda.anaconda.org/conda-forge/win-64/zstd-1.5.7-h534d264_6.conda
      - pypi: ./
      - pypi: https://files.pythonhosted.org/packages/04/96/92447566d16df59b2a776c0fb82dbc4d9e07cd95062562af01e408583fc4/itsdangerous-2.2.0-py3-none-any.whl
      - pypi: https://files.pythonhosted.org/packages/0b/8c/dd63d210b28a7589f4bc1e84880525368147425c717d12834ab562f52d14/dash-4.0.0-py3-none-any.whl
      - pypi: https://files.pythonhosted.org/packages/0b/a7/71ac2cff56fec219ed242bb11b8efb69fcc4bec75db06fb7bfe35de520e6/certifi-2026.7.22-py3-none-any.whl
      - pypi: https://files.pythonhosted.org/packages/0c/29/0348de65b8cc732daa3e33e67806420b2ae89bdce2b04af740289c5c6c8c/loguru-0.7.3-py3-none-any.whl
      - pypi: https://files.pythonhosted.org/packages/10/cb/f2ad4230dc2eb1a74edf38f1a38b9b52277f75bef262d8908e60d957e13c/blinker-1.9.0-py3-none-any.whl
      - pypi: https://files.pythonhosted.org/packages/1e/5e/d4e9f1a599fb8e573b7b87160658329fbf28d19eac2718f51fc3def3aa5a/idna-3.18-py3-none-any.whl
      - pypi: https://files.pythonhosted.org/packages/23/20/bb6982b26a40bb43951265ba29d4c246ef0ff59c9fdcdf0ed04e0687de4d/pyyaml-6.0.3-cp314-cp314-win_amd64.whl
      - pypi: https://files.pythonhosted.org/packages/24/18/d8544811ab076f876c4892b3714f5b0dad335e1dc33aef826df431b8325d/plotly-6.9.0-py3-none-any.whl
      - pypi: https://files.pythonhosted.org/packages/28/52/182836104b33b444e400b14f797212f720cbc9ed6ba34c800639d154e821/markupsafe-3.0.3-cp314-cp314-win_amd64.whl
      - pypi: https://files.pythonhosted.org/packages/29/9e/647401ae8a607bc0cc40ed7b8592d5b1be90ded0dc9b9d6d3aeb03f9524b/polars_runtime_32-1.43.2-cp310-abi3-win_amd64.whl
      - pypi: https://files.pythonhosted.org/packages/2b/fe/0888040a24e4504098b85d8ad486b14cb01cf6b030bbe479dfc2dcffc2ac/polars-1.43.2-py3-none-any.whl
      - pypi: https://files.pythonhosted.org/packages/38/3d/2d244233ac4f76e38533cfcb2991c9eb4c7bf688ae0a036d30725b8faafe/importlib_metadata-9.0.0-py3-none-any.whl
      - pypi: https://files.pythonhosted.org/packages/3a/13/547360d81e6d88d58492968ffda9f9542854f11310ee556fef14260cc886/zipp-4.1.0-py3-none-any.whl
      - pypi: https://files.pythonhosted.org/packages/49/d3/b8441a820a491ddfc024b0b0cf0393375b75ea13866d9c66727e54c2fc80/typing_extensions-4.16.0-py3-none-any.whl
      - pypi: https://files.pythonhosted.org/packages/49/fd/a1d26144398c67486422a72bf5812cda22cb4ccfcd95a290fb41ceb4b8e2/charset_normalizer-3.4.9-cp314-cp314-win_amd64.whl
      - pypi: https://files.pythonhosted.org/packages/5d/40/e1e72872c6354b306daef1703549e8e83b4d43cfea356311bf722a043752/setuptools-83.0.0-py3-none-any.whl
      - pypi: https://files.pythonhosted.org/packages/62/a1/3d680cbfd5f4b8f15abc1d571870c5fc3e594bb582bc3b64ea099db13e56/jinja2-3.1.6-py3-none-any.whl
      - pypi: https://files.pythonhosted.org/packages/63/34/ba1c580383c9eada3711951fef0795c80b829a078d72188184bcab9dd527/packaging-26.3-py3-none-any.whl
      - pypi: https://files.pythonhosted.org/packages/67/f3/6cd296376653270ac1b423bb30bd70942d9916b6978c6f40472d6ac038e7/retrying-1.4.2-py3-none-any.whl
      - pypi: https://files.pythonhosted.org/packages/7e/85/a5bfaebfd305ac18b57b0854d74e37e586809061a91fda62f0bd50c8518e/narwhals-2.24.0-py3-none-any.whl
      - pypi: https://files.pythonhosted.org/packages/7f/3e/5db95bcf282c52709639744ca2a8b149baccf648e39c8cc87553df9eae0c/urllib3-2.7.0-py3-none-any.whl
      - pypi: https://files.pythonhosted.org/packages/7f/9c/34f6962f9b9e9c71f6e5ed806e0d0ff03c9d1b0b2340088a0cf4bce09b18/flask-3.1.3-py3-none-any.whl
      - pypi: https://files.pythonhosted.org/packages/93/8c/2e650f2afeb7ee576912636c23ddb621c91ac6a98e66dc8d29c3c69446e1/werkzeug-3.1.8-py3-none-any.whl
      - pypi: https://files.pythonhosted.org/packages/a0/c4/c2971a3ba4c6103a3d10c4b0f24f461ddc027f0f09763220cf35ca1401b3/nest_asyncio-1.6.0-py3-none-any.whl
      - pypi: https://files.pythonhosted.org/packages/a0/f4/c67b0b3f1b9245e8d266f0f112c500d50e5b4e83cb6f3b71b6528104182a/requests-2.34.2-py3-none-any.whl
      - pypi: https://files.pythonhosted.org/packages/c1/1a/837f9ed7405adcd7a40538792eb169eddd8fa5630c16a1ef49dae71a30f4/numpy-2.5.1-cp314-cp314-win_amd64.whl
      - pypi: https://files.pythonhosted.org/packages/d1/d6/3965ed04c63042e047cb6a3e6ed1a63a35087b6a609aa3a15ed8ac56c221/colorama-0.4.6-py2.py3-none-any.whl
      - pypi: https://files.pythonhosted.org/packages/d6/38/1efeec8b4d741c09ccd169baf8a00c07a0176b58e418d4cd0c30dffedd22/dash_bootstrap_components-2.0.4-py3-none-any.whl
      - pypi: https://files.pythonhosted.org/packages/e1/07/c6fe3ad3e685340704d314d765b7912993bcb8dc198f0e7a89382d37974b/win32_setctime-1.2.0-py3-none-any.whl
      - pypi: https://files.pythonhosted.org/packages/e6/40/9c2384fc2be4ad25dd4a49decd5ad9ea5a3639814c11bd40ab77cb9f0a14/gunicorn-26.0.0-py3-none-any.whl
      - pypi: https://files.pythonhosted.org/packages/f1/e0/492879f69d94f91f60fc8cd05ba03650e9520afebb2fb7aa12777d7c7f38/pillow-12.3.0-cp314-cp314-win_amd64.whl
      - pypi: https://files.pythonhosted.org/packages/fb/e2/79c688af8b210d232694e31e59da9f6ec747bae31c3f5946e4e9b98860d5/click-8.4.2-py3-none-any.whl
packages:
- conda: https://conda.anaconda.org/conda-forge/noarch/ca-certificates-2026.7.22-h4c7d964_0.conda
  sha256: 95e8e74062a5fe5f870ac8c90302b6e89945165fdaed7810606e84ddee6aac12
  md5: e27d2ac27b096dc51fedfcf775a53f9b
  depends:
  - __win
  license: ISC
  purls: []
  run_exports: {}
  size: 132136
  timestamp: 1784754918886
- conda: https://conda.anaconda.org/conda-forge/noarch/pip-26.2.1-pyh145f28c_0.conda
  sha256: 0f7021cfb3ff454c91a5e28e1f5060906a52c6d1cde3f879a7d03ac33c28b1c3
  md5: 573cb3ed111004230ed3de650653cd4d
  depends:
  - python >=3.13.0a0
  license: MIT
  license_family: MIT
  purls:
  - pkg:pypi/pip?source=compressed-mapping
  run_exports: {}
  size: 1198163
  timestamp: 1785914482439
- conda: https://conda.anaconda.org/conda-forge/noarch/python_abi-3.14-8_cp314.conda
  build_number: 8
  sha256: ad6d2e9ac39751cc0529dd1566a26751a0bf2542adb0c232533d32e176e21db5
  md5: 0539938c55b6b1a59b560e843ad864a4
  constrains:
  - python 3.14.* *_cp314
  license: BSD-3-Clause
  license_family: BSD
  purls: []
  run_exports: {}
  size: 6989
  timestamp: 1752805904792
- conda: https://conda.anaconda.org/conda-forge/noarch/tzdata-2026c-h151e31d_0.conda
  sha256: b928c30ddcb0e3f544c6eade8352737e6e610e263276b90232db6a578ef899d8
  md5: fcb489df604d100968b737f2cb6076c6
  license: LicenseRef-Public-Domain
  purls: []
  run_exports: {}
  size: 118849
  timestamp: 1784250406640
- conda: https://conda.anaconda.org/conda-forge/win-64/bzip2-1.0.8-h0ad9c76_10.conda
  sha256: 04767466ee9227c9c57ab2c6503e0149177d34111c7418d2f420297acb1eb229
  md5: c3301c058362f340100d91cd8be0393f
  depends:
  - ucrt >=10.0.20348.0
  - vc >=14.3,<15
  - vc14_runtime >=14.44.35208
  license: bzip2-1.0.6
  license_family: BSD
  purls: []
  run_exports:
    weak:
    - bzip2 >=1.0.8,<2.0a0
  size: 55919
  timestamp: 1785906343696
- conda: https://conda.anaconda.org/conda-forge/win-64/libexpat-2.8.1-hac47afa_1.conda
  sha256: 1a54d874addda73b6f7164d5f3905821277a1831bcc05edd74b3085391688571
  md5: ccc490c81ffe14181861beac0e8f3169
  depends:
  - ucrt >=10.0.20348.0
  - vc >=14.3,<15
  - vc14_runtime >=14.44.35208
  constrains:
  - expat 2.8.1.*
  license: MIT
  license_family: MIT
  purls: []
  run_exports: {}
  size: 71631
  timestamp: 1781203724164
- conda: https://conda.anaconda.org/conda-forge/win-64/libffi-3.5.2-h3d046cb_0.conda
  sha256: 59d01f2dfa8b77491b5888a5ab88ff4e1574c9359f7e229da254cdfe27ddc190
  md5: 720b39f5ec0610457b725eb3f396219a
  depends:
  - ucrt >=10.0.20348.0
  - vc >=14.3,<15
  - vc14_runtime >=14.44.35208
  license: MIT
  license_family: MIT
  purls: []
  run_exports:
    weak:
    - libffi >=3.5.2,<3.6.0a0
  size: 45831
  timestamp: 1769456418774
- conda: https://conda.anaconda.org/conda-forge/win-64/liblzma-5.8.3-hfd05255_0.conda
  sha256: d636d1a25234063642f9c531a7bb58d84c1c496411280a36ea000bd122f078f1
  md5: 8f83619ab1588b98dd99c90b0bfc5c6d
  depends:
  - ucrt >=10.0.20348.0
  - vc >=14.3,<15
  - vc14_runtime >=14.44.35208
  constrains:
  - xz 5.8.3.*
  license: 0BSD
  purls: []
  run_exports:
    weak:
    - liblzma >=5.8.3,<6.0a0
  size: 106486
  timestamp: 1775825663227
- conda: https://conda.anaconda.org/conda-forge/win-64/libmpdec-4.0.0-hfd05255_1.conda
  sha256: 40dcd0b9522a6e0af72a9db0ced619176e7cfdb114855c7a64f278e73f8a7514
  md5: e4a9fc2bba3b022dad998c78856afe47
  depends:
  - ucrt >=10.0.20348.0
  - vc >=14.3,<15
  - vc14_runtime >=14.44.35208
  license: BSD-2-Clause
  license_family: BSD
  purls: []
  run_exports: {}
  size: 89411
  timestamp: 1769482314283
- conda: https://conda.anaconda.org/conda-forge/win-64/libsqlite-3.53.4-hf5d6505_0.conda
  sha256: 62e1c45ec71ab2e5deeeb0e47e7df6a609991e91d46348f16df50c68fee145c8
  md5: ca0d59f40a02a15e9b5d0ff8db0f85e3
  depends:
  - ucrt >=10.0.20348.0
  - vc >=14.3,<15
  - vc14_runtime >=14.44.35208
  license: blessing
  purls: []
  run_exports:
    weak:
    - libsqlite >=3.53.4,<4.0a0
  size: 1313790
  timestamp: 1785016158097
- conda: https://conda.anaconda.org/conda-forge/win-64/libzlib-1.3.2-hfd05255_3.conda
  sha256: 0629c2cc0404d3bb29d6baa7b4ba62da80797015e86de050db81ea5a07050527
  md5: 5d2ff29d465097458cc3ff6569151991
  depends:
  - ucrt >=10.0.20348.0
  - vc >=14.3,<15
  - vc14_runtime >=14.44.35208
  constrains:
  - zlib 1.3.2 *_3
  license: Zlib
  license_family: Other
  purls: []
  run_exports:
    weak:
    - libzlib >=1.3.2,<2.0a0
  size: 58529
  timestamp: 1785276664143
- conda: https://conda.anaconda.org/conda-forge/win-64/openssl-3.6.3-hf411b9b_1.conda
  sha256: 2ebff5a1b5793e82495bf33c91fba040e11ff23333c2385ac66d0c3aee2cc14c
  md5: a978392692a910ba1c8920ccb1e784b3
  depends:
  - ca-certificates
  - ucrt >=10.0.20348.0
  - vc >=14.3,<15
  - vc14_runtime >=14.44.35208
  license: Apache-2.0
  license_family: Apache
  purls: []
  run_exports:
    weak:
    - openssl >=3.6.3,<4.0a0
  size: 9427535
  timestamp: 1785915614585
- conda: https://conda.anaconda.org/conda-forge/win-64/python-3.14.6-h4b44e0e_101_cp314.conda
  build_number: 101
  sha256: 3a9ae901cd853d507d97aa8b72af4b9a572a3f92dcc5bad8a1318f77ff4e0e64
  md5: 67bbf51f88a2053513d7c78f485f7479
  depends:
  - bzip2 >=1.0.8,<2.0a0
  - libexpat >=2.8.1,<3.0a0
  - libffi >=3.5.2,<3.6.0a0
  - liblzma >=5.8.3,<6.0a0
  - libmpdec >=4.0.0,<5.0a0
  - libsqlite >=3.53.3,<4.0a0
  - libzlib >=1.3.2,<2.0a0
  - openssl >=3.5.7,<4.0a0
  - python_abi 3.14.* *_cp314
  - tk >=8.6.13,<8.7.0a0
  - tzdata
  - ucrt >=10.0.20348.0
  - vc >=14.3,<15
  - vc14_runtime >=14.44.35208
  - zstd >=1.5.7,<1.6.0a0
  license: Python-2.0
  purls: []
  run_exports:
    weak:
    - python_abi 3.14.* *_cp314
    noarch:
    - python
  size: 18338767
  timestamp: 1784911044838
  python_site_packages_path: Lib/site-packages
- conda: https://conda.anaconda.org/conda-forge/win-64/ruff-0.16.1-h6b72154_0.conda
  noarch: python
  sha256: c19f0d370f1a44148d00299da22890da084473b1628ceecc4c98e5a5c2af426a
  md5: cf7c807b92a0234d76920aec1aa62273
  depends:
  - python
  - vc >=14.3,<15
  - vc14_runtime >=14.44.35208
  - ucrt >=10.0.20348.0
  license: MIT
  license_family: MIT
  purls:
  - pkg:pypi/ruff?source=compressed-mapping
  run_exports: {}
  size: 9885546
  timestamp: 1785485654765
- conda: https://conda.anaconda.org/conda-forge/win-64/tk-8.6.13-h967ab96_3.conda
  sha256: 13fa29257d43f8e630a1e591ed77fae9bbbb236b011432f01e2034cf36e6bf03
  md5: aaf79e2af50a151fb5b5a3e3f38b7a69
  depends:
  - vc >=14.3,<15
  - vc14_runtime >=14.44.35208
  - ucrt >=10.0.20348.0
  license: TCL
  purls: []
  run_exports:
    weak:
    - tk >=8.6.13,<8.7.0a0
  size: 3782314
  timestamp: 1784229072899
- conda: https://conda.anaconda.org/conda-forge/win-64/ucrt-10.0.26100.0-h57928b3_0.conda
  sha256: 3005729dce6f3d3f5ec91dfc49fc75a0095f9cd23bab49efb899657297ac91a5
  md5: 71b24316859acd00bdb8b38f5e2ce328
  constrains:
  - vc14_runtime >=14.29.30037
  - vs2015_runtime >=14.29.30037
  license: LicenseRef-MicrosoftWindowsSDK10
  purls: []
  run_exports: {}
  size: 694692
  timestamp: 1756385147981
- conda: https://conda.anaconda.org/conda-forge/win-64/vc-14.5-ha367084_41.conda
  sha256: 35444c55a92e2f7f7ba26bc70f81e56e52344f7d064c0fd4b40a46a58517b79c
  md5: aa805b5522c2a98fa286e551a1f48546
  depends:
  - vc14_runtime >=14.51.36247
  track_features:
  - vc14
  license: BSD-3-Clause
  license_family: BSD
  purls: []
  run_exports: {}
  size: 21383
  timestamp: 1785359368566
- conda: https://conda.anaconda.org/conda-forge/win-64/vc14_runtime-14.51.36247-habf1de7_41.conda
  sha256: 4e4cb599cdc41bf2109d1464c127b5bcbddf548ce3e322e612afb691338b48f8
  md5: ac5333bb3d429361f23adf704cc49a78
  depends:
  - ucrt >=10.0.20348.0
  - vcomp14 14.51.36247 habf1de7_41
  constrains:
  - vs2015_runtime 14.51.36247.* *_41
  license: LicenseRef-MicrosoftVisualCpp2015-2022Runtime
  license_family: Proprietary
  purls: []
  run_exports: {}
  size: 767955
  timestamp: 1785359364369
- conda: https://conda.anaconda.org/conda-forge/win-64/vcomp14-14.51.36247-habf1de7_41.conda
  sha256: 731e043390c9457299484d39e427221fc868a9249540a498a5a4f6456c7744d1
  md5: 350bb67a5c8e5f1c53347ac544ab6600
  depends:
  - ucrt >=10.0.20348.0
  constrains:
  - vs2015_runtime 14.51.36247.* *_41
  license: LicenseRef-MicrosoftVisualCpp2015-2022Runtime
  license_family: Proprietary
  purls: []
  run_exports:
    strong:
    - vcomp14 >=14.51.36247
  size: 155910
  timestamp: 1785359349999
- conda: https://conda.anaconda.org/conda-forge/win-64/zstd-1.5.7-h534d264_6.conda
  sha256: 368d8628424966fd8f9c8018326a9c779e06913dd39e646cf331226acc90e5b2
  md5: 053b84beec00b71ea8ff7a4f84b55207
  depends:
  - vc >=14.3,<15
  - vc14_runtime >=14.44.35208
  - ucrt >=10.0.20348.0
  - libzlib >=1.3.1,<2.0a0
  license: BSD-3-Clause
  license_family: BSD
  purls: []
  run_exports:
    weak:
    - zstd >=1.5.7,<1.6.0a0
  size: 388453
  timestamp: 1764777142545
- pypi: ./
  name: cencyclopedia
  requires_dist:
  - polars>=1.43.2,<2
  - plotly>=6.9.0,<7
  - dash==4.0.0
  - pyyaml>=6.0.3,<7
  - loguru>=0.7.3,<0.8
  - pillow>=12.3.0,<13
  - dash-bootstrap-components>=2.0.4,<3
  - gunicorn>=26.0.0,<27
  - numpy>=2.5.1,<3
  requires_python: '>=3.12'
- pypi: https://files.pythonhosted.org/packages/04/96/92447566d16df59b2a776c0fb82dbc4d9e07cd95062562af01e408583fc4/itsdangerous-2.2.0-py3-none-any.whl
  name: itsdangerous
  version: 2.2.0
  sha256: c6242fc49e35958c8b15141343aa660db5fc54d4f13a1db01a3f5891b98700ef
  requires_python: '>=3.8'
- pypi: https://files.pythonhosted.org/packages/0b/8c/dd63d210b28a7589f4bc1e84880525368147425c717d12834ab562f52d14/dash-4.0.0-py3-none-any.whl
  name: dash
  version: 4.0.0
  sha256: e36b4b4eae9e1fa4136bf4f1450ed14ef76063bc5da0b10f8ab07bd57a7cb1ab
  requires_dist:
  - flask>=1.0.4,<3.2
  - werkzeug<3.2
  - plotly>=5.0.0
  - importlib-metadata
  - typing-extensions>=4.1.1
  - requests
  - retrying
  - nest-asyncio
  - setuptools
  - flask[async] ; extra == 'async'
  - black==22.3.0 ; extra == 'ci'
  - flake8==7.0.0 ; extra == 'ci'
  - flaky==3.8.1 ; extra == 'ci'
  - flask-talisman==1.0.0 ; extra == 'ci'
  - ipython<9.0.0 ; extra == 'ci'
  - mimesis<=11.1.0 ; extra == 'ci'
  - mock==4.0.3 ; extra == 'ci'
  - numpy<=1.26.3 ; extra == 'ci'
  - orjson>=3.10.11 ; extra == 'ci'
  - openpyxl ; extra == 'ci'
  - pandas>=1.4.0 ; extra == 'ci'
  - pyarrow ; extra == 'ci'
  - pylint==3.0.3 ; extra == 'ci'
  - pytest-mock ; extra == 'ci'
  - pytest-sugar==1.1.1 ; extra == 'ci'
  - pyzmq>=26.0.0 ; extra == 'ci'
  - xlrd>=2.0.1 ; extra == 'ci'
  - pytest-rerunfailures ; extra == 'ci'
  - jupyterlab<4.0.0 ; extra == 'ci'
  - pyright==1.1.398 ; python_full_version >= '3.7' and extra == 'ci'
  - mypy==1.15.0 ; python_full_version >= '3.12' and extra == 'ci'
  - coloredlogs>=15.0.1 ; extra == 'dev'
  - fire>=0.4.0 ; extra == 'dev'
  - pyyaml>=5.4.1 ; extra == 'dev'
  - beautifulsoup4>=4.8.2 ; extra == 'testing'
  - cryptography ; extra == 'testing'
  - lxml>=4.6.2 ; extra == 'testing'
  - percy>=2.0.2 ; extra == 'testing'
  - pytest>=6.0.2 ; extra == 'testing'
  - requests[security]>=2.21.0 ; extra == 'testing'
  - selenium>=3.141.0,<=4.2.0 ; extra == 'testing'
  - waitress>=1.4.4 ; extra == 'testing'
  - multiprocess>=0.70.12 ; extra == 'testing'
  - psutil>=5.8.0 ; extra == 'testing'
  - dash-testing-stub>=0.0.2 ; extra == 'testing'
  - redis>=3.5.3,<=5.0.4 ; extra == 'celery'
  - kombu<5.4.0 ; extra == 'celery'
  - celery[redis]>=5.1.2,<5.4.0 ; extra == 'celery'
  - diskcache>=5.2.1 ; extra == 'diskcache'
  - multiprocess>=0.70.12 ; extra == 'diskcache'
  - psutil>=5.8.0 ; extra == 'diskcache'
  - flask-compress ; extra == 'compress'
  - plotly-cloud ; extra == 'cloud'
  - dash-ag-grid ; extra == 'ag-grid'
  requires_python: '>=3.8'
- pypi: https://files.pythonhosted.org/packages/0b/a7/71ac2cff56fec219ed242bb11b8efb69fcc4bec75db06fb7bfe35de520e6/certifi-2026.7.22-py3-none-any.whl
  name: certifi
  version: 2026.7.22
  sha256: 62f22742b58a1a33014a2b6b706588a8d7e2a88ae7bd1a6ebe8c992928483775
  requires_python: '>=3.7'
- pypi: https://files.pythonhosted.org/packages/0c/29/0348de65b8cc732daa3e33e67806420b2ae89bdce2b04af740289c5c6c8c/loguru-0.7.3-py3-none-any.whl
  name: loguru
  version: 0.7.3
  sha256: 31a33c10c8e1e10422bfd431aeb5d351c7cf7fa671e3c4df004162264b28220c
  requires_dist:
  - colorama>=0.3.4 ; sys_platform == 'win32'
  - aiocontextvars>=0.2.0 ; python_full_version < '3.7'
  - win32-setctime>=1.0.0 ; sys_platform == 'win32'
  - pre-commit==4.0.1 ; python_full_version >= '3.9' and extra == 'dev'
  - tox==3.27.1 ; python_full_version < '3.8' and extra == 'dev'
  - tox==4.23.2 ; python_full_version >= '3.8' and extra == 'dev'
  - pytest==6.1.2 ; python_full_version < '3.8' and extra == 'dev'
  - pytest==8.3.2 ; python_full_version >= '3.8' and extra == 'dev'
  - pytest-cov==2.12.1 ; python_full_version < '3.8' and extra == 'dev'
  - pytest-cov==5.0.0 ; python_full_version == '3.8.*' and extra == 'dev'
  - pytest-cov==6.0.0 ; python_full_version >= '3.9' and extra == 'dev'
  - pytest-mypy-plugins==1.9.3 ; python_full_version >= '3.6' and python_full_version < '3.8' and extra == 'dev'
  - pytest-mypy-plugins==3.1.0 ; python_full_version >= '3.8' and extra == 'dev'
  - colorama==0.4.5 ; python_full_version < '3.8' and extra == 'dev'
  - colorama==0.4.6 ; python_full_version >= '3.8' and extra == 'dev'
  - freezegun==1.1.0 ; python_full_version < '3.8' and extra == 'dev'
  - freezegun==1.5.0 ; python_full_version >= '3.8' and extra == 'dev'
  - exceptiongroup==1.1.3 ; python_full_version >= '3.7' and python_full_version < '3.11' and extra == 'dev'
  - mypy==0.910 ; python_full_version < '3.6' and extra == 'dev'
  - mypy==0.971 ; python_full_version == '3.6.*' and extra == 'dev'
  - mypy==1.4.1 ; python_full_version == '3.7.*' and extra == 'dev'
  - mypy==1.13.0 ; python_full_version >= '3.8' and extra == 'dev'
  - sphinx==8.1.3 ; python_full_version >= '3.11' and extra == 'dev'
  - sphinx-rtd-theme==3.0.2 ; python_full_version >= '3.11' and extra == 'dev'
  - myst-parser==4.0.0 ; python_full_version >= '3.11' and extra == 'dev'
  - build==1.2.2 ; python_full_version >= '3.11' and extra == 'dev'
  - twine==6.0.1 ; python_full_version >= '3.11' and extra == 'dev'
  requires_python: '>=3.5,<4.0'
- pypi: https://files.pythonhosted.org/packages/10/cb/f2ad4230dc2eb1a74edf38f1a38b9b52277f75bef262d8908e60d957e13c/blinker-1.9.0-py3-none-any.whl
  name: blinker
  version: 1.9.0
  sha256: ba0efaa9080b619ff2f3459d1d500c57bddea4a6b424b60a91141db6fd2f08bc
  requires_python: '>=3.9'
- pypi: https://files.pythonhosted.org/packages/1e/5e/d4e9f1a599fb8e573b7b87160658329fbf28d19eac2718f51fc3def3aa5a/idna-3.18-py3-none-any.whl
  name: idna
  version: '3.18'
  sha256: 7f952cbe720b688055e3f87de14f5c3e5fdaa8bc3928985c4077ca689de849a2
  requires_dist:
  - ruff>=0.6.2 ; extra == 'all'
  - mypy>=1.11.2 ; extra == 'all'
  - pytest>=8.3.2 ; extra == 'all'
  requires_python: '>=3.9'
- pypi: https://files.pythonhosted.org/packages/23/20/bb6982b26a40bb43951265ba29d4c246ef0ff59c9fdcdf0ed04e0687de4d/pyyaml-6.0.3-cp314-cp314-win_amd64.whl
  name: pyyaml
  version: 6.0.3
  sha256: 4a2e8cebe2ff6ab7d1050ecd59c25d4c8bd7e6f400f5f82b96557ac0abafd0ac
  requires_python: '>=3.8'
- pypi: https://files.pythonhosted.org/packages/24/18/d8544811ab076f876c4892b3714f5b0dad335e1dc33aef826df431b8325d/plotly-6.9.0-py3-none-any.whl
  name: plotly
  version: 6.9.0
  sha256: 36bebe2f1bb13884774fe61689c329071446f6ce4a8927fb1f0d6fb24f581236
  requires_dist:
  - narwhals>=1.15.1
  - packaging
  - anywidget ; extra == 'dev'
  - build ; extra == 'dev'
  - colorcet ; extra == 'dev'
  - fiona<=1.9.6 ; python_full_version < '3.9' and extra == 'dev'
  - geopandas ; extra == 'dev'
  - inflect ; extra == 'dev'
  - jupyterlab ; extra == 'dev'
  - kaleido>=1.3.0 ; extra == 'dev'
  - numpy>=1.22 ; extra == 'dev'
  - orjson ; extra == 'dev'
  - pandas ; extra == 'dev'
  - pdfrw ; extra == 'dev'
  - pillow ; extra == 'dev'
  - plotly-geo ; extra == 'dev'
  - polars[timezone] ; extra == 'dev'
  - pyarrow ; extra == 'dev'
  - pyshp ; extra == 'dev'
  - pytest ; extra == 'dev'
  - pytz ; extra == 'dev'
  - requests ; extra == 'dev'
  - ruff==0.11.12 ; extra == 'dev'
  - scikit-image ; extra == 'dev'
  - scipy ; extra == 'dev'
  - shapely ; extra == 'dev'
  - statsmodels ; extra == 'dev'
  - vaex ; python_full_version < '3.10' and extra == 'dev'
  - xarray ; extra == 'dev'
  - build ; extra == 'dev-build'
  - jupyterlab ; extra == 'dev-build'
  - pytest ; extra == 'dev-build'
  - requests ; extra == 'dev-build'
  - ruff==0.11.12 ; extra == 'dev-build'
  - pytest ; extra == 'dev-core'
  - requests ; extra == 'dev-core'
  - ruff==0.11.12 ; extra == 'dev-core'
  - anywidget ; extra == 'dev-optional'
  - build ; extra == 'dev-optional'
  - colorcet ; extra == 'dev-optional'
  - fiona<=1.9.6 ; python_full_version < '3.9' and extra == 'dev-optional'
  - geopandas ; extra == 'dev-optional'
  - inflect ; extra == 'dev-optional'
  - jupyterlab ; extra == 'dev-optional'
  - kaleido>=1.3.0 ; extra == 'dev-optional'
  - numpy>=1.22 ; extra == 'dev-optional'
  - orjson ; extra == 'dev-optional'
  - pandas ; extra == 'dev-optional'
  - pdfrw ; extra == 'dev-optional'
  - pillow ; extra == 'dev-optional'
  - plotly-geo ; extra == 'dev-optional'
  - polars[timezone] ; extra == 'dev-optional'
  - pyarrow ; extra == 'dev-optional'
  - pyshp ; extra == 'dev-optional'
  - pytest ; extra == 'dev-optional'
  - pytz ; extra == 'dev-optional'
  - requests ; extra == 'dev-optional'
  - ruff==0.11.12 ; extra == 'dev-optional'
  - scikit-image ; extra == 'dev-optional'
  - scipy ; extra == 'dev-optional'
  - shapely ; extra == 'dev-optional'
  - statsmodels ; extra == 'dev-optional'
  - vaex ; python_full_version < '3.10' and extra == 'dev-optional'
  - xarray ; extra == 'dev-optional'
  - numpy>=1,<2 ; extra == 'dev-pandas1'
  - pandas>=1,<2 ; extra == 'dev-pandas1'
  - setuptools<82 ; extra == 'dev-pandas1'
  - pandas>=2,<3 ; extra == 'dev-pandas2'
  - pandas>=3 ; python_full_version >= '3.11' and extra == 'dev-pandas3'
  - numpy>=1.22 ; extra == 'express'
  - kaleido>=1.3.0 ; extra == 'kaleido'
  requires_python: '>=3.8'
- pypi: https://files.pythonhosted.org/packages/28/52/182836104b33b444e400b14f797212f720cbc9ed6ba34c800639d154e821/markupsafe-3.0.3-cp314-cp314-win_amd64.whl
  name: markupsafe
  version: 3.0.3
  sha256: bdc919ead48f234740ad807933cdf545180bfbe9342c2bb451556db2ed958581
  requires_python: '>=3.9'
- pypi: https://files.pythonhosted.org/packages/29/9e/647401ae8a607bc0cc40ed7b8592d5b1be90ded0dc9b9d6d3aeb03f9524b/polars_runtime_32-1.43.2-cp310-abi3-win_amd64.whl
  name: polars-runtime-32
  version: 1.43.2
  sha256: 00e33c28e321410c8d66e814a90043101e3bdd9ed2c6dabda07565aa8adbbdf1
  requires_python: '>=3.10'
- pypi: https://files.pythonhosted.org/packages/2b/fe/0888040a24e4504098b85d8ad486b14cb01cf6b030bbe479dfc2dcffc2ac/polars-1.43.2-py3-none-any.whl
  name: polars
  version: 1.43.2
  sha256: 22aa0cb92a1ee2d60d6a15a638b2e8e0dd99aea21ac0cd8fb29da8e382e075a9
  requires_dist:
  - polars-runtime-32==1.43.2
  - polars-runtime-64==1.43.2 ; extra == 'rt64'
  - polars-runtime-compat==1.43.2 ; extra == 'rtcompat'
  - polars-cloud>=0.4.0 ; extra == 'polars-cloud'
  - numpy>=1.16.0 ; extra == 'numpy'
  - pandas ; extra == 'pandas'
  - polars[pyarrow] ; extra == 'pandas'
  - pyarrow>=7.0.0 ; extra == 'pyarrow'
  - pydantic ; extra == 'pydantic'
  - fastexcel>=0.9 ; extra == 'calamine'
  - openpyxl>=3.0.0 ; extra == 'openpyxl'
  - xlsx2csv>=0.8.0 ; extra == 'xlsx2csv'
  - xlsxwriter ; extra == 'xlsxwriter'
  - polars[calamine,openpyxl,xlsx2csv,xlsxwriter] ; extra == 'excel'
  - adbc-driver-manager[dbapi] ; extra == 'adbc'
  - adbc-driver-sqlite[dbapi] ; extra == 'adbc'
  - connectorx>=0.3.2 ; extra == 'connectorx'
  - sqlalchemy ; extra == 'sqlalchemy'
  - polars[pandas] ; extra == 'sqlalchemy'
  - polars[adbc,connectorx,sqlalchemy] ; extra == 'database'
  - fsspec ; extra == 'fsspec'
  - deltalake>=1.0.0,!=1.5.* ; extra == 'deltalake'
  - pyiceberg>=0.7.1 ; extra == 'iceberg'
  - gevent ; extra == 'async'
  - cloudpickle ; extra == 'cloudpickle'
  - matplotlib ; extra == 'graph'
  - altair>=5.4.0 ; extra == 'plot'
  - great-tables>=0.8.0 ; extra == 'style'
  - tzdata ; sys_platform == 'win32' and extra == 'timezone'
  - cudf-polars-cu12 ; extra == 'gpu'
  - polars[async,cloudpickle,database,deltalake,excel,fsspec,graph,iceberg,numpy,pandas,plot,pyarrow,pydantic,style,timezone] ; extra == 'all'
  requires_python: '>=3.10'
- pypi: https://files.pythonhosted.org/packages/38/3d/2d244233ac4f76e38533cfcb2991c9eb4c7bf688ae0a036d30725b8faafe/importlib_metadata-9.0.0-py3-none-any.whl
  name: importlib-metadata
  version: 9.0.0
  sha256: 2d21d1cc5a017bd0559e36150c21c830ab1dc304dedd1b7ea85d20f45ef3edd7
  requires_dist:
  - zipp>=3.20
  - pytest>=6,!=8.1.* ; extra == 'test'
  - packaging ; extra == 'test'
  - pyfakefs ; extra == 'test'
  - pytest-perf>=0.9.2 ; extra == 'test'
  - sphinx>=3.5 ; extra == 'doc'
  - jaraco-packaging>=9.3 ; extra == 'doc'
  - rst-linker>=1.9 ; extra == 'doc'
  - furo ; extra == 'doc'
  - sphinx-lint ; extra == 'doc'
  - jaraco-tidelift>=1.4 ; extra == 'doc'
  - ipython ; extra == 'perf'
  - pytest-checkdocs>=2.14 ; extra == 'check'
  - pytest-ruff>=0.2.1 ; sys_platform != 'cygwin' and extra == 'check'
  - pytest-cov ; extra == 'cover'
  - pytest-enabler>=3.4 ; extra == 'enabler'
  - pytest-mypy>=1.0.1 ; platform_python_implementation != 'PyPy' and extra == 'type'
  requires_python: '>=3.10'
- pypi: https://files.pythonhosted.org/packages/3a/13/547360d81e6d88d58492968ffda9f9542854f11310ee556fef14260cc886/zipp-4.1.0-py3-none-any.whl
  name: zipp
  version: 4.1.0
  sha256: 25ad4e16390cd314347dd8f1de67a2ac538ae658ed4ab9db16029c07c188e97f
  requires_dist:
  - pytest>=6,!=8.1.* ; extra == 'test'
  - jaraco-itertools ; extra == 'test'
  - jaraco-functools ; extra == 'test'
  - more-itertools ; extra == 'test'
  - big-o ; extra == 'test'
  - pytest-ignore-flaky ; extra == 'test'
  - jaraco-test ; extra == 'test'
  - sphinx>=3.5 ; extra == 'doc'
  - jaraco-packaging>=9.3 ; extra == 'doc'
  - rst-linker>=1.9 ; extra == 'doc'
  - furo ; extra == 'doc'
  - sphinx-lint ; extra == 'doc'
  - jaraco-tidelift>=1.4 ; extra == 'doc'
  - pytest-checkdocs>=2.14 ; extra == 'check'
  - pytest-ruff>=0.2.1 ; sys_platform != 'cygwin' and extra == 'check'
  - pytest-cov ; extra == 'cover'
  - pytest-enabler>=3.4 ; extra == 'enabler'
  - pytest-mypy>=1.0.1 ; platform_python_implementation != 'PyPy' and extra == 'type'
  requires_python: '>=3.10'
- pypi: https://files.pythonhosted.org/packages/49/d3/b8441a820a491ddfc024b0b0cf0393375b75ea13866d9c66727e54c2fc80/typing_extensions-4.16.0-py3-none-any.whl
  name: typing-extensions
  version: 4.16.0
  sha256: 481caa481374e813c1b176ada14e97f1f67a4539ce9cfeb3f350d78d6370c2e8
  requires_python: '>=3.9'
- pypi: https://files.pythonhosted.org/packages/49/fd/a1d26144398c67486422a72bf5812cda22cb4ccfcd95a290fb41ceb4b8e2/charset_normalizer-3.4.9-cp314-cp314-win_amd64.whl
  name: charset-normalizer
  version: 3.4.9
  sha256: 16b65ea0f2465b6fb52aa22de5eca612aa964ddfec00a912e26f4656cbef890b
  requires_python: '>=3.7'
- pypi: https://files.pythonhosted.org/packages/5d/40/e1e72872c6354b306daef1703549e8e83b4d43cfea356311bf722a043752/setuptools-83.0.0-py3-none-any.whl
  name: setuptools
  version: 83.0.0
  sha256: 29b23c360f22f414dc7336bb39178cc7bcbf6021ed2733cde173f09dba19abb3
  requires_dist:
  - pytest>=6,!=8.1.* ; extra == 'test'
  - virtualenv>=13.0.0 ; extra == 'test'
  - wheel>=0.44.0 ; extra == 'test'
  - pip>=19.1 ; extra == 'test'
  - packaging>=24.2 ; extra == 'test'
  - jaraco-envs>=2.2 ; extra == 'test'
  - pytest-xdist>=3 ; extra == 'test'
  - jaraco-path>=3.7.2 ; extra == 'test'
  - build[virtualenv]>=1.0.3 ; extra == 'test'
  - filelock>=3.4.0 ; extra == 'test'
  - ini2toml[lite]>=0.14 ; extra == 'test'
  - tomli-w>=1.0.0 ; extra == 'test'
  - pytest-timeout ; extra == 'test'
  - pytest-perf ; sys_platform != 'cygwin' and extra == 'test'
  - jaraco-develop>=7.21 ; python_full_version >= '3.9' and sys_platform != 'cygwin' and extra == 'test'
  - pytest-home>=0.5 ; extra == 'test'
  - pytest-subprocess ; extra == 'test'
  - pyproject-hooks!=1.1 ; extra == 'test'
  - jaraco-test>=5.5 ; extra == 'test'
  - sphinx>=3.5 ; extra == 'doc'
  - jaraco-packaging>=9.3 ; extra == 'doc'
  - rst-linker>=1.9 ; extra == 'doc'
  - furo ; extra == 'doc'
  - sphinx-lint ; extra == 'doc'
  - jaraco-tidelift>=1.4 ; extra == 'doc'
  - pygments-github-lexers==0.0.5 ; extra == 'doc'
  - sphinx-favicon ; extra == 'doc'
  - sphinx-inline-tabs ; extra == 'doc'
  - sphinx-reredirects ; extra == 'doc'
  - sphinxcontrib-towncrier ; extra == 'doc'
  - sphinx-notfound-page>=1,<2 ; extra == 'doc'
  - pyproject-hooks!=1.1 ; extra == 'doc'
  - towncrier<24.7 ; extra == 'doc'
  - packaging>=24.2 ; extra == 'core'
  - more-itertools>=8.8 ; extra == 'core'
  - jaraco-text>=3.7 ; extra == 'core'
  - importlib-metadata>=6 ; python_full_version < '3.10' and extra == 'core'
  - tomli>=2.0.1 ; python_full_version < '3.11' and extra == 'core'
  - wheel>=0.43.0 ; extra == 'core'
  - jaraco-functools>=4 ; extra == 'core'
  - more-itertools ; extra == 'core'
  - pytest-checkdocs>=2.14 ; extra == 'check'
  - pytest-ruff>=0.2.1 ; sys_platform != 'cygwin' and extra == 'check'
  - ruff>=0.13.0 ; sys_platform != 'cygwin' and extra == 'check'
  - pytest-cov ; extra == 'cover'
  - pytest-enabler>=3.4 ; extra == 'enabler'
  - pytest-mypy>=1.0.1 ; platform_python_implementation != 'PyPy' and extra == 'type'
  - mypy==1.18.* ; extra == 'type'
  - importlib-metadata>=7.0.2 ; python_full_version < '3.10' and extra == 'type'
  - jaraco-develop>=7.21 ; sys_platform != 'cygwin' and extra == 'type'
  requires_python: '>=3.10'
- pypi: https://files.pythonhosted.org/packages/62/a1/3d680cbfd5f4b8f15abc1d571870c5fc3e594bb582bc3b64ea099db13e56/jinja2-3.1.6-py3-none-any.whl
  name: jinja2
  version: 3.1.6
  sha256: 85ece4451f492d0c13c5dd7c13a64681a86afae63a5f347908daf103ce6d2f67
  requires_dist:
  - markupsafe>=2.0
  - babel>=2.7 ; extra == 'i18n'
  requires_python: '>=3.7'
- pypi: https://files.pythonhosted.org/packages/63/34/ba1c580383c9eada3711951fef0795c80b829a078d72188184bcab9dd527/packaging-26.3-py3-none-any.whl
  name: packaging
  version: '26.3'
  sha256: d7193f7c8e4e93f444fde0262bf90af30e16fa0ad0ad44cb553c87339b23cd1c
  requires_python: '>=3.9'
- pypi: https://files.pythonhosted.org/packages/67/f3/6cd296376653270ac1b423bb30bd70942d9916b6978c6f40472d6ac038e7/retrying-1.4.2-py3-none-any.whl
  name: retrying
  version: 1.4.2
  sha256: bbc004aeb542a74f3569aeddf42a2516efefcdaff90df0eb38fbfbf19f179f59
  requires_python: '>=3.6'
- pypi: https://files.pythonhosted.org/packages/7e/85/a5bfaebfd305ac18b57b0854d74e37e586809061a91fda62f0bd50c8518e/narwhals-2.24.0-py3-none-any.whl
  name: narwhals
  version: 2.24.0
  sha256: 42fdedf44e5b2ca7505630d45b4ac3058f38d8485cba9fe1652ca23152df7489
  requires_dist:
  - cudf-cu12>=24.10.0 ; sys_platform == 'linux' and extra == 'cudf'
  - dask[dataframe]>=2024.8 ; extra == 'dask'
  - duckdb>=1.1 ; extra == 'duckdb'
  - ibis-framework>=6.0.0 ; extra == 'ibis'
  - packaging>=21.3 ; extra == 'ibis'
  - pyarrow-hotfix>=0.7 ; extra == 'ibis'
  - modin>=0.22.0 ; extra == 'modin'
  - pandas>=1.3.4 ; extra == 'pandas'
  - polars>=0.20.4 ; extra == 'polars'
  - pyarrow>=13.0.0 ; extra == 'pyarrow'
  - pyspark>=3.5.0 ; extra == 'pyspark'
  - pyspark[connect]>=3.5.0 ; extra == 'pyspark-connect'
  - narwhals[duckdb] ; extra == 'sql'
  - sqlparse>=0.5.5 ; extra == 'sql'
  - sqlframe>=3.22.0,!=3.39.3 ; extra == 'sqlframe'
  requires_python: '>=3.10'
- pypi: https://files.pythonhosted.org/packages/7f/3e/5db95bcf282c52709639744ca2a8b149baccf648e39c8cc87553df9eae0c/urllib3-2.7.0-py3-none-any.whl
  name: urllib3
  version: 2.7.0
  sha256: 9fb4c81ebbb1ce9531cce37674bbc6f1360472bc18ca9a553ede278ef7276897
  requires_dist:
  - brotli>=1.2.0 ; platform_python_implementation == 'CPython' and extra == 'brotli'
  - brotlicffi>=1.2.0.0 ; platform_python_implementation != 'CPython' and extra == 'brotli'
  - h2>=4,<5 ; extra == 'h2'
  - pysocks>=1.5.6,!=1.5.7,<2.0 ; extra == 'socks'
  - backports-zstd>=1.0.0 ; python_full_version < '3.14' and extra == 'zstd'
  requires_python: '>=3.10'
- pypi: https://files.pythonhosted.org/packages/7f/9c/34f6962f9b9e9c71f6e5ed806e0d0ff03c9d1b0b2340088a0cf4bce09b18/flask-3.1.3-py3-none-any.whl
  name: flask
  version: 3.1.3
  sha256: f4bcbefc124291925f1a26446da31a5178f9483862233b23c0c96a20701f670c
  requires_dist:
  - blinker>=1.9.0
  - click>=8.1.3
  - importlib-metadata>=3.6.0 ; python_full_version < '3.10'
  - itsdangerous>=2.2.0
  - jinja2>=3.1.2
  - markupsafe>=2.1.1
  - werkzeug>=3.1.0
  - asgiref>=3.2 ; extra == 'async'
  - python-dotenv ; extra == 'dotenv'
  requires_python: '>=3.9'
- pypi: https://files.pythonhosted.org/packages/93/8c/2e650f2afeb7ee576912636c23ddb621c91ac6a98e66dc8d29c3c69446e1/werkzeug-3.1.8-py3-none-any.whl
  name: werkzeug
  version: 3.1.8
  sha256: 63a77fb8892bf28ebc3178683445222aa500e48ebad5ec77b0ad80f8726b1f50
  requires_dist:
  - markupsafe>=2.1.1
  - watchdog>=2.3 ; extra == 'watchdog'
  requires_python: '>=3.9'
- pypi: https://files.pythonhosted.org/packages/a0/c4/c2971a3ba4c6103a3d10c4b0f24f461ddc027f0f09763220cf35ca1401b3/nest_asyncio-1.6.0-py3-none-any.whl
  name: nest-asyncio
  version: 1.6.0
  sha256: 87af6efd6b5e897c81050477ef65c62e2b2f35d51703cae01aff2905b1852e1c
  requires_python: '>=3.5'
- pypi: https://files.pythonhosted.org/packages/a0/f4/c67b0b3f1b9245e8d266f0f112c500d50e5b4e83cb6f3b71b6528104182a/requests-2.34.2-py3-none-any.whl
  name: requests
  version: 2.34.2
  sha256: 2a0d60c172f83ac6ab31e4554906c0f3b3588d37b5cb939b1c061f4907e278e0
  requires_dist:
  - charset-normalizer>=2,<4
  - idna>=2.5,<4
  - urllib3>=1.26,<3
  - certifi>=2023.5.7
  - pysocks>=1.5.6,!=1.5.7 ; extra == 'socks'
  - chardet>=3.0.2,<8 ; extra == 'use-chardet-on-py3'
  requires_python: '>=3.10'
- pypi: https://files.pythonhosted.org/packages/c1/1a/837f9ed7405adcd7a40538792eb169eddd8fa5630c16a1ef49dae71a30f4/numpy-2.5.1-cp314-cp314-win_amd64.whl
  name: numpy
  version: 2.5.1
  sha256: 24d0eb82c0541d3415a33425db64ae439dffccd7b4dbcb30e7c35120205c506a
  requires_python: '>=3.12'
- pypi: https://files.pythonhosted.org/packages/d1/d6/3965ed04c63042e047cb6a3e6ed1a63a35087b6a609aa3a15ed8ac56c221/colorama-0.4.6-py2.py3-none-any.whl
  name: colorama
  version: 0.4.6
  sha256: 4f1d9991f5acc0ca119f9d443620b77f9d6b33703e51011c16baf57afb285fc6
  requires_python: '>=2.7,!=3.0.*,!=3.1.*,!=3.2.*,!=3.3.*,!=3.4.*,!=3.5.*,!=3.6.*'
- pypi: https://files.pythonhosted.org/packages/d6/38/1efeec8b4d741c09ccd169baf8a00c07a0176b58e418d4cd0c30dffedd22/dash_bootstrap_components-2.0.4-py3-none-any.whl
  name: dash-bootstrap-components
  version: 2.0.4
  sha256: 767cf0084586c1b2b614ccf50f79fe4525fdbbf8e3a161ed60016e584a14f5d1
  requires_dist:
  - dash>=3.0.4
  - numpy>=2.0.2 ; extra == 'pandas'
  - pandas>=2.2.3 ; extra == 'pandas'
  requires_python: '>=3.9'
- pypi: https://files.pythonhosted.org/packages/e1/07/c6fe3ad3e685340704d314d765b7912993bcb8dc198f0e7a89382d37974b/win32_setctime-1.2.0-py3-none-any.whl
  name: win32-setctime
  version: 1.2.0
  sha256: 95d644c4e708aba81dc3704a116d8cbc974d70b3bdb8be1d150e36be6e9d1390
  requires_dist:
  - black>=19.3b0 ; python_full_version >= '3.6' and extra == 'dev'
  - pytest>=4.6.2 ; extra == 'dev'
  requires_python: '>=3.5'
- pypi: https://files.pythonhosted.org/packages/e6/40/9c2384fc2be4ad25dd4a49decd5ad9ea5a3639814c11bd40ab77cb9f0a14/gunicorn-26.0.0-py3-none-any.whl
  name: gunicorn
  version: 26.0.0
  sha256: 40233d26a5f0d1872916188c276e21641155111c2853f0c2cd55260aec0d24fc
  requires_dist:
  - packaging
  - gevent>=24.10.1 ; extra == 'gevent'
  - tornado>=6.5.0 ; extra == 'tornado'
  - setproctitle ; extra == 'setproctitle'
  - h2>=4.1.0 ; extra == 'http2'
  - gunicorn-h1c>=0.6.5 ; extra == 'fast'
  - gevent>=24.10.1 ; extra == 'testing'
  - h2>=4.1.0 ; extra == 'testing'
  - coverage ; extra == 'testing'
  - pytest ; extra == 'testing'
  - pytest-cov ; extra == 'testing'
  - pytest-asyncio ; extra == 'testing'
  - uvloop>=0.19.0 ; extra == 'testing'
  - httpx[http2] ; extra == 'testing'
  requires_python: '>=3.10'
- pypi: https://files.pythonhosted.org/packages/f1/e0/492879f69d94f91f60fc8cd05ba03650e9520afebb2fb7aa12777d7c7f38/pillow-12.3.0-cp314-cp314-win_amd64.whl
  name: pillow
  version: 12.3.0
  sha256: fdafc9cce40277e0f7a0feabce0ee50dd2fa1800f3b38015e51296b5e814048d
  requires_dist:
  - furo ; extra == 'docs'
  - olefile ; extra == 'docs'
  - sphinx>=8.2 ; extra == 'docs'
  - sphinx-autobuild ; extra == 'docs'
  - sphinx-copybutton ; extra == 'docs'
  - sphinx-inline-tabs ; extra == 'docs'
  - sphinxext-opengraph ; extra == 'docs'
  - olefile ; extra == 'fpx'
  - olefile ; extra == 'mic'
  - arro3-compute ; extra == 'test-arrow'
  - arro3-core ; extra == 'test-arrow'
  - nanoarrow ; extra == 'test-arrow'
  - pyarrow ; extra == 'test-arrow'
  - coverage>=7.4.2 ; extra == 'tests'
  - defusedxml ; extra == 'tests'
  - markdown2 ; extra == 'tests'
  - olefile ; extra == 'tests'
  - packaging ; extra == 'tests'
  - pytest ; extra == 'tests'
  - pytest-cov ; extra == 'tests'
  - pytest-timeout ; extra == 'tests'
  - pytest-xdist ; extra == 'tests'
  - setuptools ; extra == 'tests'
  - trove-classifiers>=2024.10.12 ; extra == 'tests'
  - defusedxml ; extra == 'xmp'
  requires_python: '>=3.10'
- pypi: https://files.pythonhosted.org/packages/fb/e2/79c688af8b210d232694e31e59da9f6ec747bae31c3f5946e4e9b98860d5/click-8.4.2-py3-none-any.whl
  name: click
  version: 8.4.2
  sha256: e6f9f66136c816745b9d65817da91d61d957fb16e02e4dcd0552553c5a197b76
  requires_dist:
  - colorama ; sys_platform == 'win32'
  requires_python: '>=3.10'
